
Microsoft Visual Studio Solution File, Format Version 12.00
# Visual Studio 2012
Project("{FAE04EC0-301F-11D3-BF4B-00C04F79EFBC}") = "Website", "Website\Website.csproj", "{3D4BE193-8AC6-409C-80AA-3943776724FC}"
EndProject
Project("{FAE04EC0-301F-11D3-BF4B-00C04F79EFBC}") = "DataObjects", "DataObjects\DataObjects.csproj", "{A1C61C09-6442-462A-9EAB-5C362E7DC21F}"
EndProject
Global
	GlobalSection(SolutionConfigurationPlatforms) = preSolution
		Debug|Any CPU = Debug|Any CPU
		Release|Any CPU = Release|Any CPU
	EndGlobalSection
	GlobalSection(ProjectConfigurationPlatforms) = postSolution
		{3D4BE193-8AC6-409C-80AA-3943776724FC}.Debug|Any CPU.ActiveCfg = Debug|Any CPU
		{3D4BE193-8AC6-409C-80AA-3943776724FC}.Debug|Any CPU.Build.0 = Debug|Any CPU
		{3D4BE193-8AC6-409C-80AA-3943776724FC}.Release|Any CPU.ActiveCfg = Release|Any CPU
		{3D4BE193-8AC6-409C-80AA-3943776724FC}.Release|Any CPU.Build.0 = Release|Any CPU
		{A1C61C09-6442-462A-9EAB-5C362E7DC21F}.Debug|Any CPU.ActiveCfg = Debug|Any CPU
		{A1C61C09-6442-462A-9EAB-5C362E7DC21F}.Debug|Any CPU.Build.0 = Debug|Any CPU
		{A1C61C09-6442-462A-9EAB-5C362E7DC21F}.Release|Any CPU.ActiveCfg = Release|Any CPU
		{A1C61C09-6442-462A-9EAB-5C362E7DC21F}.Release|Any CPU.Build.0 = Release|Any CPU
	EndGlobalSection
	GlobalSection(SolutionProperties) = preSolution
		HideSolutionNode = FALSE
	EndGlobalSection
EndGlobal
